# nova-rootwrap command filters for setting up network in the docker driver
# This file should be owned by (and only-writeable by) the root user

[Filters]
# nova/virt/docker/driver.py: 'ln', '-sf', '/var/run/netns/.*'
ln: CommandFilter, /bin/ln, root

# novadocker/virt/docker/opencontrail.py: 'vrouter-port-control', ...
vrouter-port-control: CommandFilter, vrouter-port-control, root
